
Microsoft Visual Studio Solution File, Format Version 12.00
# Visual Studio Version 16
VisualStudioVersion = 16.0.30128.74
MinimumVisualStudioVersion = 10.0.40219.1
Project("{FAE04EC0-301F-11D3-BF4B-00C04F79EFBC}") = "StockMarket.AdminService", "StockMarket.AdminService\StockMarket.AdminService.csproj", "{EDB6DFC3-F60B-4A90-B2CC-753FFCEA70F6}"
EndProject
Project("{FAE04EC0-301F-11D3-BF4B-00C04F79EFBC}") = "StockMarket.Models", "StockMarket.Models\StockMarket.Models.csproj", "{EB28E409-930B-47B1-9F0C-AAD3C6F0DD21}"
EndProject
Global
	GlobalSection(SolutionConfigurationPlatforms) = preSolution
		Debug|Any CPU = Debug|Any CPU
		Release|Any CPU = Release|Any CPU
	EndGlobalSection
	GlobalSection(ProjectConfigurationPlatforms) = postSolution
		{EDB6DFC3-F60B-4A90-B2CC-753FFCEA70F6}.Debug|Any CPU.ActiveCfg = Debug|Any CPU
		{EDB6DFC3-F60B-4A90-B2CC-753FFCEA70F6}.Debug|Any CPU.Build.0 = Debug|Any CPU
		{EDB6DFC3-F60B-4A90-B2CC-753FFCEA70F6}.Release|Any CPU.ActiveCfg = Release|Any CPU
		{EDB6DFC3-F60B-4A90-B2CC-753FFCEA70F6}.Release|Any CPU.Build.0 = Release|Any CPU
		{EB28E409-930B-47B1-9F0C-AAD3C6F0DD21}.Debug|Any CPU.ActiveCfg = Debug|Any CPU
		{EB28E409-930B-47B1-9F0C-AAD3C6F0DD21}.Debug|Any CPU.Build.0 = Debug|Any CPU
		{EB28E409-930B-47B1-9F0C-AAD3C6F0DD21}.Release|Any CPU.ActiveCfg = Release|Any CPU
		{EB28E409-930B-47B1-9F0C-AAD3C6F0DD21}.Release|Any CPU.Build.0 = Release|Any CPU
	EndGlobalSection
	GlobalSection(SolutionProperties) = preSolution
		HideSolutionNode = FALSE
	EndGlobalSection
	GlobalSection(ExtensibilityGlobals) = postSolution
		SolutionGuid = {D959EDBE-25C7-4DB3-A6EB-A18D23630D59}
	EndGlobalSection
EndGlobal
